
Microsoft Visual Studio Solution File, Format Version 12.00
# Visual Studio Version 16
VisualStudioVersion = 16.0.30011.22
MinimumVisualStudioVersion = 10.0.40219.1
Project("{FAE04EC0-301F-11D3-BF4B-00C04F79EFBC}") = "Faluevgi_Jozsef_prj", "Faluevgi_Jozsef_prj\Faluevgi_Jozsef_prj.csproj", "{D0980BB6-C07E-4F22-862D-5D995517E1D0}"
EndProject
Global
	GlobalSection(SolutionConfigurationPlatforms) = preSolution
		Debug|Any CPU = Debug|Any CPU
		Release|Any CPU = Release|Any CPU
	EndGlobalSection
	GlobalSection(ProjectConfigurationPlatforms) = postSolution
		{D0980BB6-C07E-4F22-862D-5D995517E1D0}.Debug|Any CPU.ActiveCfg = Debug|Any CPU
		{D0980BB6-C07E-4F22-862D-5D995517E1D0}.Debug|Any CPU.Build.0 = Debug|Any CPU
		{D0980BB6-C07E-4F22-862D-5D995517E1D0}.Release|Any CPU.ActiveCfg = Release|Any CPU
		{D0980BB6-C07E-4F22-862D-5D995517E1D0}.Release|Any CPU.Build.0 = Release|Any CPU
	EndGlobalSection
	GlobalSection(SolutionProperties) = preSolution
		HideSolutionNode = FALSE
	EndGlobalSection
	GlobalSection(ExtensibilityGlobals) = postSolution
		SolutionGuid = {7F15B7C6-CC18-4C64-B3FB-F9868E5D1B08}
	EndGlobalSection
EndGlobal
